
Microsoft Visual Studio Solution File, Format Version 12.00
# Visual Studio Version 16
VisualStudioVersion = 25.0.1703.8
MinimumVisualStudioVersion = 10.0.40219.1
Project("{FAE04EC0-301F-11D3-BF4B-00C04F79EFBC}") = "BestBuyBestPractices", "BestBuyBestPractices\BestBuyBestPractices.csproj", "{2CE166F1-A06B-440C-B724-A81C5AFE2EB5}"
EndProject
Global
	GlobalSection(SolutionConfigurationPlatforms) = preSolution
		Debug|Any CPU = Debug|Any CPU
		Release|Any CPU = Release|Any CPU
	EndGlobalSection
	GlobalSection(ProjectConfigurationPlatforms) = postSolution
		{2CE166F1-A06B-440C-B724-A81C5AFE2EB5}.Debug|Any CPU.ActiveCfg = Debug|Any CPU
		{2CE166F1-A06B-440C-B724-A81C5AFE2EB5}.Debug|Any CPU.Build.0 = Debug|Any CPU
		{2CE166F1-A06B-440C-B724-A81C5AFE2EB5}.Release|Any CPU.ActiveCfg = Release|Any CPU
		{2CE166F1-A06B-440C-B724-A81C5AFE2EB5}.Release|Any CPU.Build.0 = Release|Any CPU
	EndGlobalSection
	GlobalSection(SolutionProperties) = preSolution
		HideSolutionNode = FALSE
	EndGlobalSection
	GlobalSection(ExtensibilityGlobals) = postSolution
		SolutionGuid = {C4A6233C-2B0F-4108-9567-9A8196294634}
	EndGlobalSection
EndGlobal
